{
  "object": {
    "pins": [
      {
        "package": "BarChart",
        "repositoryURL": "https://github.com/dawigr/BarChart.git",
        "state": {
          "branch": "master",
          "revision": "07c082fd7ddb369766220e203947a3aa06a7eea7",
          "version": null
        }
      },
      {
        "package": "SDWebImage",
        "repositoryURL": "https://github.com/SDWebImage/SDWebImage.git",
        "state": {
          "branch": null,
          "revision": "88b3ba211c0d604e60eab204c1baf8229c513399",
          "version": "5.9.4"
        }
      },
      {
        "package": "SDWebImageSwiftUI",
        "repositoryURL": "https://github.com/SDWebImage/SDWebImageSwiftUI.git",
        "state": {
          "branch": null,
          "revision": "4c7f169e39bc35d6b80d42b8eb8301bee9cd0907",
          "version": "1.5.0"
        }
      },
      {
        "package": "SlidingTabView",
        "repositoryURL": "https://github.com/QuynhNguyen/SlidingTabView",
        "state": {
          "branch": "master",
          "revision": "b0f0662977418824d50546b2850a523dcd793bb0",
          "version": null
        }
      },
      {
        "package": "SwiftUIX",
        "repositoryURL": "https://github.com/SwiftUIX/SwiftUIX",
        "state": {
          "branch": "master",
          "revision": "603b2fcb094fe9cd25e47e0e7a79146867389c81",
          "version": null
        }
      }
    ]
  },
  "version": 1
}
