// !$*UTF8*$!
{
	archiveVersion = 1;
	classes = {
	};
	objectVersion = 52;
	objects = {

/* Begin PBXBuildFile section */
		4574DB2A252C681A0058660B /* NoonBodyCollectionMain.swift in Sources */ = {isa = PBXBuildFile; fileRef = 4574DB26252C681A0058660B /* NoonBodyCollectionMain.swift */; };
		4574DB2B252C681B0058660B /* NoonBodyWriteMain.swift in Sources */ = {isa = PBXBuildFile; fileRef = 4574DB27252C681A0058660B /* NoonBodyWriteMain.swift */; };
		4574DB2C252C681B0058660B /* NoonbodyStart.swift in Sources */ = {isa = PBXBuildFile; fileRef = 4574DB28252C681A0058660B /* NoonbodyStart.swift */; };
		4574DB2D252C681B0058660B /* NoonBodyMyPageMain.swift in Sources */ = {isa = PBXBuildFile; fileRef = 4574DB29252C681A0058660B /* NoonBodyMyPageMain.swift */; };
		4574DB30252D7C6A0058660B /* NoonBodyWriteImageCameraView.swift in Sources */ = {isa = PBXBuildFile; fileRef = 4574DB2F252D7C6A0058660B /* NoonBodyWriteImageCameraView.swift */; };
		45AA5DA42531D01300BFD479 /* SwiftUIX in Frameworks */ = {isa = PBXBuildFile; productRef = 45AA5DA32531D01300BFD479 /* SwiftUIX */; };
		45AA5DA82531D0B400BFD479 /* TextView.swift in Sources */ = {isa = PBXBuildFile; fileRef = 45AA5DA72531D0B400BFD479 /* TextView.swift */; };
		45F1FBED252B1C3900A30D97 /* AppDelegate.swift in Sources */ = {isa = PBXBuildFile; fileRef = 45F1FBEC252B1C3900A30D97 /* AppDelegate.swift */; };
		45F1FBEF252B1C3900A30D97 /* SceneDelegate.swift in Sources */ = {isa = PBXBuildFile; fileRef = 45F1FBEE252B1C3900A30D97 /* SceneDelegate.swift */; };
		45F1FBF1252B1C3900A30D97 /* ContentView.swift in Sources */ = {isa = PBXBuildFile; fileRef = 45F1FBF0252B1C3900A30D97 /* ContentView.swift */; };
		45F1FBF3252B1C3A00A30D97 /* Assets.xcassets in Resources */ = {isa = PBXBuildFile; fileRef = 45F1FBF2252B1C3A00A30D97 /* Assets.xcassets */; };
		45F1FBF6252B1C3A00A30D97 /* Preview Assets.xcassets in Resources */ = {isa = PBXBuildFile; fileRef = 45F1FBF5252B1C3A00A30D97 /* Preview Assets.xcassets */; };
		45F1FBF9252B1C3A00A30D97 /* LaunchScreen.storyboard in Resources */ = {isa = PBXBuildFile; fileRef = 45F1FBF7252B1C3A00A30D97 /* LaunchScreen.storyboard */; };
/* End PBXBuildFile section */

/* Begin PBXFileReference section */
		4574DB26252C681A0058660B /* NoonBodyCollectionMain.swift */ = {isa = PBXFileReference; fileEncoding = 4; lastKnownFileType = sourcecode.swift; path = NoonBodyCollectionMain.swift; sourceTree = "<group>"; };
		4574DB27252C681A0058660B /* NoonBodyWriteMain.swift */ = {isa = PBXFileReference; fileEncoding = 4; lastKnownFileType = sourcecode.swift; path = NoonBodyWriteMain.swift; sourceTree = "<group>"; };
		4574DB28252C681A0058660B /* NoonbodyStart.swift */ = {isa = PBXFileReference; fileEncoding = 4; lastKnownFileType = sourcecode.swift; path = NoonbodyStart.swift; sourceTree = "<group>"; };
		4574DB29252C681A0058660B /* NoonBodyMyPageMain.swift */ = {isa = PBXFileReference; fileEncoding = 4; lastKnownFileType = sourcecode.swift; path = NoonBodyMyPageMain.swift; sourceTree = "<group>"; };
		4574DB2F252D7C6A0058660B /* NoonBodyWriteImageCameraView.swift */ = {isa = PBXFileReference; lastKnownFileType = sourcecode.swift; path = NoonBodyWriteImageCameraView.swift; sourceTree = "<group>"; };
		45AA5DA72531D0B400BFD479 /* TextView.swift */ = {isa = PBXFileReference; lastKnownFileType = sourcecode.swift; path = TextView.swift; sourceTree = "<group>"; };
		45F1FBE9252B1C3900A30D97 /* NoonBody.app */ = {isa = PBXFileReference; explicitFileType = wrapper.application; includeInIndex = 0; path = NoonBody.app; sourceTree = BUILT_PRODUCTS_DIR; };
		45F1FBEC252B1C3900A30D97 /* AppDelegate.swift */ = {isa = PBXFileReference; lastKnownFileType = sourcecode.swift; path = AppDelegate.swift; sourceTree = "<group>"; };
		45F1FBEE252B1C3900A30D97 /* SceneDelegate.swift */ = {isa = PBXFileReference; lastKnownFileType = sourcecode.swift; path = SceneDelegate.swift; sourceTree = "<group>"; };
		45F1FBF0252B1C3900A30D97 /* ContentView.swift */ = {isa = PBXFileReference; lastKnownFileType = sourcecode.swift; path = ContentView.swift; sourceTree = "<group>"; };
		45F1FBF2252B1C3A00A30D97 /* Assets.xcassets */ = {isa = PBXFileReference; lastKnownFileType = folder.assetcatalog; path = Assets.xcassets; sourceTree = "<group>"; };
		45F1FBF5252B1C3A00A30D97 /* Preview Assets.xcassets */ = {isa = PBXFileReference; lastKnownFileType = folder.assetcatalog; path = "Preview Assets.xcassets"; sourceTree = "<group>"; };
		45F1FBF8252B1C3A00A30D97 /* Base */ = {isa = PBXFileReference; lastKnownFileType = file.storyboard; name = Base; path = Base.lproj/LaunchScreen.storyboard; sourceTree = "<group>"; };
		45F1FBFA252B1C3A00A30D97 /* Info.plist */ = {isa = PBXFileReference; lastKnownFileType = text.plist.xml; path = Info.plist; sourceTree = "<group>"; };
/* End PBXFileReference section */

/* Begin PBXFrameworksBuildPhase section */
		45F1FBE6252B1C3900A30D97 /* Frameworks */ = {
			isa = PBXFrameworksBuildPhase;
			buildActionMask = 2147483647;
			files = (
				45AA5DA42531D01300BFD479 /* SwiftUIX in Frameworks */,
			);
			runOnlyForDeploymentPostprocessing = 0;
		};
/* End PBXFrameworksBuildPhase section */

/* Begin PBXGroup section */
		4509B7E325306D05006C3A0C /* UI */ = {
			isa = PBXGroup;
			children = (
				4574DB28252C681A0058660B /* NoonbodyStart.swift */,
				45F1FBF0252B1C3900A30D97 /* ContentView.swift */,
				45AA5DAB2531D0FA00BFD479 /* TabScene */,
				45AA5DA62531D08400BFD479 /* View */,
			);
			path = UI;
			sourceTree = "<group>";
		};
		45AA5DA62531D08400BFD479 /* View */ = {
			isa = PBXGroup;
			children = (
				45AA5DA72531D0B400BFD479 /* TextView.swift */,
			);
			path = View;
			sourceTree = "<group>";
		};
		45AA5DAB2531D0FA00BFD479 /* TabScene */ = {
			isa = PBXGroup;
			children = (
				45AA5DB02531D1DD00BFD479 /* Tab_Mypage */,
				45AA5DAF2531D1CE00BFD479 /* Tab_Collection */,
				45AA5DAD2531D1AB00BFD479 /* Tab_Write */,
			);
			path = TabScene;
			sourceTree = "<group>";
		};
		45AA5DAD2531D1AB00BFD479 /* Tab_Write */ = {
			isa = PBXGroup;
			children = (
				4574DB27252C681A0058660B /* NoonBodyWriteMain.swift */,
				4574DB2F252D7C6A0058660B /* NoonBodyWriteImageCameraView.swift */,
			);
			path = Tab_Write;
			sourceTree = "<group>";
		};
		45AA5DAF2531D1CE00BFD479 /* Tab_Collection */ = {
			isa = PBXGroup;
			children = (
				4574DB26252C681A0058660B /* NoonBodyCollectionMain.swift */,
			);
			path = Tab_Collection;
			sourceTree = "<group>";
		};
		45AA5DB02531D1DD00BFD479 /* Tab_Mypage */ = {
			isa = PBXGroup;
			children = (
				4574DB29252C681A0058660B /* NoonBodyMyPageMain.swift */,
			);
			path = Tab_Mypage;
			sourceTree = "<group>";
		};
		45F1FBE0252B1C3900A30D97 = {
			isa = PBXGroup;
			children = (
				45F1FBEB252B1C3900A30D97 /* NoonBody */,
				45F1FBEA252B1C3900A30D97 /* Products */,
			);
			sourceTree = "<group>";
		};
		45F1FBEA252B1C3900A30D97 /* Products */ = {
			isa = PBXGroup;
			children = (
				45F1FBE9252B1C3900A30D97 /* NoonBody.app */,
			);
			name = Products;
			sourceTree = "<group>";
		};
		45F1FBEB252B1C3900A30D97 /* NoonBody */ = {
			isa = PBXGroup;
			children = (
				4509B7E325306D05006C3A0C /* UI */,
				45F1FBEC252B1C3900A30D97 /* AppDelegate.swift */,
				45F1FBEE252B1C3900A30D97 /* SceneDelegate.swift */,
				45F1FBF2252B1C3A00A30D97 /* Assets.xcassets */,
				45F1FBF7252B1C3A00A30D97 /* LaunchScreen.storyboard */,
				45F1FBFA252B1C3A00A30D97 /* Info.plist */,
				45F1FBF4252B1C3A00A30D97 /* Preview Content */,
			);
			path = NoonBody;
			sourceTree = "<group>";
		};
		45F1FBF4252B1C3A00A30D97 /* Preview Content */ = {
			isa = PBXGroup;
			children = (
				45F1FBF5252B1C3A00A30D97 /* Preview Assets.xcassets */,
			);
			path = "Preview Content";
			sourceTree = "<group>";
		};
/* End PBXGroup section */

/* Begin PBXNativeTarget section */
		45F1FBE8252B1C3900A30D97 /* NoonBody */ = {
			isa = PBXNativeTarget;
			buildConfigurationList = 45F1FBFD252B1C3A00A30D97 /* Build configuration list for PBXNativeTarget "NoonBody" */;
			buildPhases = (
				45F1FBE5252B1C3900A30D97 /* Sources */,
				45F1FBE6252B1C3900A30D97 /* Frameworks */,
				45F1FBE7252B1C3900A30D97 /* Resources */,
			);
			buildRules = (
			);
			dependencies = (
			);
			name = NoonBody;
			packageProductDependencies = (
				45AA5DA32531D01300BFD479 /* SwiftUIX */,
			);
			productName = NoonBody;
			productReference = 45F1FBE9252B1C3900A30D97 /* NoonBody.app */;
			productType = "com.apple.product-type.application";
		};
/* End PBXNativeTarget section */

/* Begin PBXProject section */
		45F1FBE1252B1C3900A30D97 /* Project object */ = {
			isa = PBXProject;
			attributes = {
				LastSwiftUpdateCheck = 1200;
				LastUpgradeCheck = 1200;
				TargetAttributes = {
					45F1FBE8252B1C3900A30D97 = {
						CreatedOnToolsVersion = 12.0.1;
					};
				};
			};
			buildConfigurationList = 45F1FBE4252B1C3900A30D97 /* Build configuration list for PBXProject "NoonBody" */;
			compatibilityVersion = "Xcode 9.3";
			developmentRegion = en;
			hasScannedForEncodings = 0;
			knownRegions = (
				en,
				Base,
			);
			mainGroup = 45F1FBE0252B1C3900A30D97;
			packageReferences = (
				45AA5DA22531D01300BFD479 /* XCRemoteSwiftPackageReference "SwiftUIX" */,
			);
			productRefGroup = 45F1FBEA252B1C3900A30D97 /* Products */;
			projectDirPath = "";
			projectRoot = "";
			targets = (
				45F1FBE8252B1C3900A30D97 /* NoonBody */,
			);
		};
/* End PBXProject section */

/* Begin PBXResourcesBuildPhase section */
		45F1FBE7252B1C3900A30D97 /* Resources */ = {
			isa = PBXResourcesBuildPhase;
			buildActionMask = 2147483647;
			files = (
				45F1FBF9252B1C3A00A30D97 /* LaunchScreen.storyboard in Resources */,
				45F1FBF6252B1C3A00A30D97 /* Preview Assets.xcassets in Resources */,
				45F1FBF3252B1C3A00A30D97 /* Assets.xcassets in Resources */,
			);
			runOnlyForDeploymentPostprocessing = 0;
		};
/* End PBXResourcesBuildPhase section */

/* Begin PBXSourcesBuildPhase section */
		45F1FBE5252B1C3900A30D97 /* Sources */ = {
			isa = PBXSourcesBuildPhase;
			buildActionMask = 2147483647;
			files = (
				4574DB2C252C681B0058660B /* NoonbodyStart.swift in Sources */,
				4574DB2A252C681A0058660B /* NoonBodyCollectionMain.swift in Sources */,
				45F1FBED252B1C3900A30D97 /* AppDelegate.swift in Sources */,
				4574DB30252D7C6A0058660B /* NoonBodyWriteImageCameraView.swift in Sources */,
				45F1FBEF252B1C3900A30D97 /* SceneDelegate.swift in Sources */,
				4574DB2B252C681B0058660B /* NoonBodyWriteMain.swift in Sources */,
				45AA5DA82531D0B400BFD479 /* TextView.swift in Sources */,
				45F1FBF1252B1C3900A30D97 /* ContentView.swift in Sources */,
				4574DB2D252C681B0058660B /* NoonBodyMyPageMain.swift in Sources */,
			);
			runOnlyForDeploymentPostprocessing = 0;
		};
/* End PBXSourcesBuildPhase section */

/* Begin PBXVariantGroup section */
		45F1FBF7252B1C3A00A30D97 /* LaunchScreen.storyboard */ = {
			isa = PBXVariantGroup;
			children = (
				45F1FBF8252B1C3A00A30D97 /* Base */,
			);
			name = LaunchScreen.storyboard;
			sourceTree = "<group>";
		};
/* End PBXVariantGroup section */

/* Begin XCBuildConfiguration section */
		45F1FBFB252B1C3A00A30D97 /* Debug */ = {
			isa = XCBuildConfiguration;
			buildSettings = {
				ALWAYS_SEARCH_USER_PATHS = NO;
				CLANG_ANALYZER_NONNULL = YES;
				CLANG_ANALYZER_NUMBER_OBJECT_CONVERSION = YES_AGGRESSIVE;
				CLANG_CXX_LANGUAGE_STANDARD = "gnu++14";
				CLANG_CXX_LIBRARY = "libc++";
				CLANG_ENABLE_MODULES = YES;
				CLANG_ENABLE_OBJC_ARC = YES;
				CLANG_ENABLE_OBJC_WEAK = YES;
				CLANG_WARN_BLOCK_CAPTURE_AUTORELEASING = YES;
				CLANG_WARN_BOOL_CONVERSION = YES;
				CLANG_WARN_COMMA = YES;
				CLANG_WARN_CONSTANT_CONVERSION = YES;
				CLANG_WARN_DEPRECATED_OBJC_IMPLEMENTATIONS = YES;
				CLANG_WARN_DIRECT_OBJC_ISA_USAGE = YES_ERROR;
				CLANG_WARN_DOCUMENTATION_COMMENTS = YES;
				CLANG_WARN_EMPTY_BODY = YES;
				CLANG_WARN_ENUM_CONVERSION = YES;
				CLANG_WARN_INFINITE_RECURSION = YES;
				CLANG_WARN_INT_CONVERSION = YES;
				CLANG_WARN_NON_LITERAL_NULL_CONVERSION = YES;
				CLANG_WARN_OBJC_IMPLICIT_RETAIN_SELF = YES;
				CLANG_WARN_OBJC_LITERAL_CONVERSION = YES;
				CLANG_WARN_OBJC_ROOT_CLASS = YES_ERROR;
				CLANG_WARN_QUOTED_INCLUDE_IN_FRAMEWORK_HEADER = YES;
				CLANG_WARN_RANGE_LOOP_ANALYSIS = YES;
				CLANG_WARN_STRICT_PROTOTYPES = YES;
				CLANG_WARN_SUSPICIOUS_MOVE = YES;
				CLANG_WARN_UNGUARDED_AVAILABILITY = YES_AGGRESSIVE;
				CLANG_WARN_UNREACHABLE_CODE = YES;
				CLANG_WARN__DUPLICATE_METHOD_MATCH = YES;
				COPY_PHASE_STRIP = NO;
				DEBUG_INFORMATION_FORMAT = dwarf;
				ENABLE_STRICT_OBJC_MSGSEND = YES;
				ENABLE_TESTABILITY = YES;
				GCC_C_LANGUAGE_STANDARD = gnu11;
				GCC_DYNAMIC_NO_PIC = NO;
				GCC_NO_COMMON_BLOCKS = YES;
				GCC_OPTIMIZATION_LEVEL = 0;
				GCC_PREPROCESSOR_DEFINITIONS = (
					"DEBUG=1",
					"$(inherited)",
				);
				GCC_WARN_64_TO_32_BIT_CONVERSION = YES;
				GCC_WARN_ABOUT_RETURN_TYPE = YES_ERROR;
				GCC_WARN_UNDECLARED_SELECTOR = YES;
				GCC_WARN_UNINITIALIZED_AUTOS = YES_AGGRESSIVE;
				GCC_WARN_UNUSED_FUNCTION = YES;
				GCC_WARN_UNUSED_VARIABLE = YES;
				IPHONEOS_DEPLOYMENT_TARGET = 14.0;
				MTL_ENABLE_DEBUG_INFO = INCLUDE_SOURCE;
				MTL_FAST_MATH = YES;
				ONLY_ACTIVE_ARCH = YES;
				SDKROOT = iphoneos;
				SWIFT_ACTIVE_COMPILATION_CONDITIONS = DEBUG;
				SWIFT_OPTIMIZATION_LEVEL = "-Onone";
			};
			name = Debug;
		};
		45F1FBFC252B1C3A00A30D97 /* Release */ = {
			isa = XCBuildConfiguration;
			buildSettings = {
				ALWAYS_SEARCH_USER_PATHS = NO;
				CLANG_ANALYZER_NONNULL = YES;
				CLANG_ANALYZER_NUMBER_OBJECT_CONVERSION = YES_AGGRESSIVE;
				CLANG_CXX_LANGUAGE_STANDARD = "gnu++14";
				CLANG_CXX_LIBRARY = "libc++";
				CLANG_ENABLE_MODULES = YES;
				CLANG_ENABLE_OBJC_ARC = YES;
				CLANG_ENABLE_OBJC_WEAK = YES;
				CLANG_WARN_BLOCK_CAPTURE_AUTORELEASING = YES;
				CLANG_WARN_BOOL_CONVERSION = YES;
				CLANG_WARN_COMMA = YES;
				CLANG_WARN_CONSTANT_CONVERSION = YES;
				CLANG_WARN_DEPRECATED_OBJC_IMPLEMENTATIONS = YES;
				CLANG_WARN_DIRECT_OBJC_ISA_USAGE = YES_ERROR;
				CLANG_WARN_DOCUMENTATION_COMMENTS = YES;
				CLANG_WARN_EMPTY_BODY = YES;
				CLANG_WARN_ENUM_CONVERSION = YES;
				CLANG_WARN_INFINITE_RECURSION = YES;
				CLANG_WARN_INT_CONVERSION = YES;
				CLANG_WARN_NON_LITERAL_NULL_CONVERSION = YES;
				CLANG_WARN_OBJC_IMPLICIT_RETAIN_SELF = YES;
				CLANG_WARN_OBJC_LITERAL_CONVERSION = YES;
				CLANG_WARN_OBJC_ROOT_CLASS = YES_ERROR;
				CLANG_WARN_QUOTED_INCLUDE_IN_FRAMEWORK_HEADER = YES;
				CLANG_WARN_RANGE_LOOP_ANALYSIS = YES;
				CLANG_WARN_STRICT_PROTOTYPES = YES;
				CLANG_WARN_SUSPICIOUS_MOVE = YES;
				CLANG_WARN_UNGUARDED_AVAILABILITY = YES_AGGRESSIVE;
				CLANG_WARN_UNREACHABLE_CODE = YES;
				CLANG_WARN__DUPLICATE_METHOD_MATCH = YES;
				COPY_PHASE_STRIP = NO;
				DEBUG_INFORMATION_FORMAT = "dwarf-with-dsym";
				ENABLE_NS_ASSERTIONS = NO;
				ENABLE_STRICT_OBJC_MSGSEND = YES;
				GCC_C_LANGUAGE_STANDARD = gnu11;
				GCC_NO_COMMON_BLOCKS = YES;
				GCC_WARN_64_TO_32_BIT_CONVERSION = YES;
				GCC_WARN_ABOUT_RETURN_TYPE = YES_ERROR;
				GCC_WARN_UNDECLARED_SELECTOR = YES;
				GCC_WARN_UNINITIALIZED_AUTOS = YES_AGGRESSIVE;
				GCC_WARN_UNUSED_FUNCTION = YES;
				GCC_WARN_UNUSED_VARIABLE = YES;
				IPHONEOS_DEPLOYMENT_TARGET = 14.0;
				MTL_ENABLE_DEBUG_INFO = NO;
				MTL_FAST_MATH = YES;
				SDKROOT = iphoneos;
				SWIFT_COMPILATION_MODE = wholemodule;
				SWIFT_OPTIMIZATION_LEVEL = "-O";
				VALIDATE_PRODUCT = YES;
			};
			name = Release;
		};
		45F1FBFE252B1C3A00A30D97 /* Debug */ = {
			isa = XCBuildConfiguration;
			buildSettings = {
				ASSETCATALOG_COMPILER_APPICON_NAME = AppIcon;
				ASSETCATALOG_COMPILER_GLOBAL_ACCENT_COLOR_NAME = AccentColor;
				CODE_SIGN_STYLE = Automatic;
				DEVELOPMENT_ASSET_PATHS = "\"NoonBody/Preview Content\"";
				ENABLE_PREVIEWS = YES;
				INFOPLIST_FILE = NoonBody/Info.plist;
				LD_RUNPATH_SEARCH_PATHS = (
					"$(inherited)",
					"@executable_path/Frameworks",
				);
				PRODUCT_BUNDLE_IDENTIFIER = "com.heonji-jinyeong.NoonBody";
				PRODUCT_NAME = "$(TARGET_NAME)";
				SWIFT_VERSION = 5.0;
				TARGETED_DEVICE_FAMILY = "1,2";
			};
			name = Debug;
		};
		45F1FBFF252B1C3A00A30D97 /* Release */ = {
			isa = XCBuildConfiguration;
			buildSettings = {
				ASSETCATALOG_COMPILER_APPICON_NAME = AppIcon;
				ASSETCATALOG_COMPILER_GLOBAL_ACCENT_COLOR_NAME = AccentColor;
				CODE_SIGN_STYLE = Automatic;
				DEVELOPMENT_ASSET_PATHS = "\"NoonBody/Preview Content\"";
				ENABLE_PREVIEWS = YES;
				INFOPLIST_FILE = NoonBody/Info.plist;
				LD_RUNPATH_SEARCH_PATHS = (
					"$(inherited)",
					"@executable_path/Frameworks",
				);
				PRODUCT_BUNDLE_IDENTIFIER = "com.heonji-jinyeong.NoonBody";
				PRODUCT_NAME = "$(TARGET_NAME)";
				SWIFT_VERSION = 5.0;
				TARGETED_DEVICE_FAMILY = "1,2";
			};
			name = Release;
		};
/* End XCBuildConfiguration section */

/* Begin XCConfigurationList section */
		45F1FBE4252B1C3900A30D97 /* Build configuration list for PBXProject "NoonBody" */ = {
			isa = XCConfigurationList;
			buildConfigurations = (
				45F1FBFB252B1C3A00A30D97 /* Debug */,
				45F1FBFC252B1C3A00A30D97 /* Release */,
			);
			defaultConfigurationIsVisible = 0;
			defaultConfigurationName = Release;
		};
		45F1FBFD252B1C3A00A30D97 /* Build configuration list for PBXNativeTarget "NoonBody" */ = {
			isa = XCConfigurationList;
			buildConfigurations = (
				45F1FBFE252B1C3A00A30D97 /* Debug */,
				45F1FBFF252B1C3A00A30D97 /* Release */,
			);
			defaultConfigurationIsVisible = 0;
			defaultConfigurationName = Release;
		};
/* End XCConfigurationList section */

/* Begin XCRemoteSwiftPackageReference section */
		45AA5DA22531D01300BFD479 /* XCRemoteSwiftPackageReference "SwiftUIX" */ = {
			isa = XCRemoteSwiftPackageReference;
			repositoryURL = "https://github.com/SwiftUIX/SwiftUIX";
			requirement = {
				branch = master;
				kind = branch;
			};
		};
/* End XCRemoteSwiftPackageReference section */

/* Begin XCSwiftPackageProductDependency section */
		45AA5DA32531D01300BFD479 /* SwiftUIX */ = {
			isa = XCSwiftPackageProductDependency;
			package = 45AA5DA22531D01300BFD479 /* XCRemoteSwiftPackageReference "SwiftUIX" */;
			productName = SwiftUIX;
		};
/* End XCSwiftPackageProductDependency section */
	};
	rootObject = 45F1FBE1252B1C3900A30D97 /* Project object */;
}
